
Microsoft Visual Studio Solution File, Format Version 12.00
# Visual Studio Version 16
VisualStudioVersion = 16.0.31624.102
MinimumVisualStudioVersion = 10.0.40219.1
Project("{FAE04EC0-301F-11D3-BF4B-00C04F79EFBC}") = "Calculadora", "Calculadora\Calculadora.csproj", "{EDCA07C7-9E40-42E9-9015-DBF00DAC76DC}"
EndProject
Project("{FAE04EC0-301F-11D3-BF4B-00C04F79EFBC}") = "Calculadora.Test", "Calculadora.Test\Calculadora.Test.csproj", "{A94C722B-3945-4645-B4DD-4C227CA2C5CC}"
EndProject
Global
	GlobalSection(SolutionConfigurationPlatforms) = preSolution
		Debug|Any CPU = Debug|Any CPU
		Release|Any CPU = Release|Any CPU
	EndGlobalSection
	GlobalSection(ProjectConfigurationPlatforms) = postSolution
		{EDCA07C7-9E40-42E9-9015-DBF00DAC76DC}.Debug|Any CPU.ActiveCfg = Debug|Any CPU
		{EDCA07C7-9E40-42E9-9015-DBF00DAC76DC}.Debug|Any CPU.Build.0 = Debug|Any CPU
		{EDCA07C7-9E40-42E9-9015-DBF00DAC76DC}.Release|Any CPU.ActiveCfg = Release|Any CPU
		{EDCA07C7-9E40-42E9-9015-DBF00DAC76DC}.Release|Any CPU.Build.0 = Release|Any CPU
		{A94C722B-3945-4645-B4DD-4C227CA2C5CC}.Debug|Any CPU.ActiveCfg = Debug|Any CPU
		{A94C722B-3945-4645-B4DD-4C227CA2C5CC}.Debug|Any CPU.Build.0 = Debug|Any CPU
		{A94C722B-3945-4645-B4DD-4C227CA2C5CC}.Release|Any CPU.ActiveCfg = Release|Any CPU
		{A94C722B-3945-4645-B4DD-4C227CA2C5CC}.Release|Any CPU.Build.0 = Release|Any CPU
	EndGlobalSection
	GlobalSection(SolutionProperties) = preSolution
		HideSolutionNode = FALSE
	EndGlobalSection
	GlobalSection(ExtensibilityGlobals) = postSolution
		SolutionGuid = {5707F088-7E2F-4BAD-919D-A18BEA343D31}
	EndGlobalSection
EndGlobal
